
Microsoft Visual Studio Solution File, Format Version 12.00
# Visual Studio Version 17
VisualStudioVersion = 17.0.31903.59
MinimumVisualStudioVersion = 10.0.40219.1
Project("{2150E333-8FDC-42A3-9474-1A3956D46DE8}") = "src", "src", "{B95225BB-D8D2-4043-92AD-0D604640ABD8}"
EndProject
Project("{2150E333-8FDC-42A3-9474-1A3956D46DE8}") = "core", "core", "{CFB4F023-9B02-4531-BAA5-16596E7DA49E}"
EndProject
Project("{FAE04EC0-301F-11D3-BF4B-00C04F79EFBC}") = "Domain", "src\core\Domain\Domain.csproj", "{9BF714C0-EA8D-499E-8E62-55F67700A047}"
EndProject
Project("{FAE04EC0-301F-11D3-BF4B-00C04F79EFBC}") = "UserCase", "src\core\UserCase\UserCase.csproj", "{FF3DA9F2-0394-49F2-9FFF-ECAF039DC355}"
EndProject
Project("{2150E333-8FDC-42A3-9474-1A3956D46DE8}") = "external", "external", "{93AAC511-B356-4042-AE77-27F9480CFA90}"
EndProject
Project("{FAE04EC0-301F-11D3-BF4B-00C04F79EFBC}") = "MongoRepository", "src\external\MongoRepository\MongoRepository.csproj", "{178851D2-11C5-4687-8341-69A94B054789}"
EndProject
Project("{2150E333-8FDC-42A3-9474-1A3956D46DE8}") = "interface", "interface", "{180F3C11-30AF-4619-8E31-200A37F20DEF}"
EndProject
Project("{2150E333-8FDC-42A3-9474-1A3956D46DE8}") = "gateways", "gateways", "{2D0FF8CC-2895-40BD-98DA-176BB00FC3EE}"
EndProject
Project("{FAE04EC0-301F-11D3-BF4B-00C04F79EFBC}") = "DatabaseGateway", "src\interface\gateways\DatabaseGateway\DatabaseGateway.csproj", "{D7835758-31BC-4DD5-A653-7FF4161DAC93}"
EndProject
Project("{FAE04EC0-301F-11D3-BF4B-00C04F79EFBC}") = "MeioPagamentoGateway", "src\interface\gateways\MeioPagamentoGateway\MeioPagamentoGateway.csproj", "{7E48B0E7-C3E3-4415-9517-5BDC3A30A2D6}"
EndProject
Project("{2150E333-8FDC-42A3-9474-1A3956D46DE8}") = "presenters", "presenters", "{5495EA4B-59D7-409D-9D01-F5E4FB509C11}"
EndProject
Project("{FAE04EC0-301F-11D3-BF4B-00C04F79EFBC}") = "WebAPI", "src\interface\presenters\WebAPI\WebAPI.csproj", "{1ED9EF80-D0A7-4DEB-8021-54950157C18D}"
EndProject
Project("{2150E333-8FDC-42A3-9474-1A3956D46DE8}") = "test", "test", "{4FE41E6C-0042-4E91-AB95-38F6E0B27E9A}"
EndProject
Project("{FAE04EC0-301F-11D3-BF4B-00C04F79EFBC}") = "UserCase.Tests", "test\UserCase.Tests\UserCase.Tests.csproj", "{CE7636DB-A770-4EF3-B781-8ED931CCFE87}"
EndProject
Project("{FAE04EC0-301F-11D3-BF4B-00C04F79EFBC}") = "AwsServices", "src\external\AwsServices\AwsServices.csproj", "{FCB6718F-312C-470D-89A5-89128BF5A836}"
EndProject
Project("{FAE04EC0-301F-11D3-BF4B-00C04F79EFBC}") = "CloudGateway", "src\interface\gateways\CloudGateway\CloudGateway.csproj", "{72CCF971-AE39-4540-A4E4-6524962CEF59}"
EndProject
Global
	GlobalSection(SolutionConfigurationPlatforms) = preSolution
		Debug|Any CPU = Debug|Any CPU
		Release|Any CPU = Release|Any CPU
	EndGlobalSection
	GlobalSection(SolutionProperties) = preSolution
		HideSolutionNode = FALSE
	EndGlobalSection
	GlobalSection(ProjectConfigurationPlatforms) = postSolution
		{9BF714C0-EA8D-499E-8E62-55F67700A047}.Debug|Any CPU.ActiveCfg = Debug|Any CPU
		{9BF714C0-EA8D-499E-8E62-55F67700A047}.Debug|Any CPU.Build.0 = Debug|Any CPU
		{9BF714C0-EA8D-499E-8E62-55F67700A047}.Release|Any CPU.ActiveCfg = Release|Any CPU
		{9BF714C0-EA8D-499E-8E62-55F67700A047}.Release|Any CPU.Build.0 = Release|Any CPU
		{FF3DA9F2-0394-49F2-9FFF-ECAF039DC355}.Debug|Any CPU.ActiveCfg = Debug|Any CPU
		{FF3DA9F2-0394-49F2-9FFF-ECAF039DC355}.Debug|Any CPU.Build.0 = Debug|Any CPU
		{FF3DA9F2-0394-49F2-9FFF-ECAF039DC355}.Release|Any CPU.ActiveCfg = Release|Any CPU
		{FF3DA9F2-0394-49F2-9FFF-ECAF039DC355}.Release|Any CPU.Build.0 = Release|Any CPU
		{178851D2-11C5-4687-8341-69A94B054789}.Debug|Any CPU.ActiveCfg = Debug|Any CPU
		{178851D2-11C5-4687-8341-69A94B054789}.Debug|Any CPU.Build.0 = Debug|Any CPU
		{178851D2-11C5-4687-8341-69A94B054789}.Release|Any CPU.ActiveCfg = Release|Any CPU
		{178851D2-11C5-4687-8341-69A94B054789}.Release|Any CPU.Build.0 = Release|Any CPU
		{D7835758-31BC-4DD5-A653-7FF4161DAC93}.Debug|Any CPU.ActiveCfg = Debug|Any CPU
		{D7835758-31BC-4DD5-A653-7FF4161DAC93}.Debug|Any CPU.Build.0 = Debug|Any CPU
		{D7835758-31BC-4DD5-A653-7FF4161DAC93}.Release|Any CPU.ActiveCfg = Release|Any CPU
		{D7835758-31BC-4DD5-A653-7FF4161DAC93}.Release|Any CPU.Build.0 = Release|Any CPU
		{7E48B0E7-C3E3-4415-9517-5BDC3A30A2D6}.Debug|Any CPU.ActiveCfg = Debug|Any CPU
		{7E48B0E7-C3E3-4415-9517-5BDC3A30A2D6}.Debug|Any CPU.Build.0 = Debug|Any CPU
		{7E48B0E7-C3E3-4415-9517-5BDC3A30A2D6}.Release|Any CPU.ActiveCfg = Release|Any CPU
		{7E48B0E7-C3E3-4415-9517-5BDC3A30A2D6}.Release|Any CPU.Build.0 = Release|Any CPU
		{1ED9EF80-D0A7-4DEB-8021-54950157C18D}.Debug|Any CPU.ActiveCfg = Debug|Any CPU
		{1ED9EF80-D0A7-4DEB-8021-54950157C18D}.Debug|Any CPU.Build.0 = Debug|Any CPU
		{1ED9EF80-D0A7-4DEB-8021-54950157C18D}.Release|Any CPU.ActiveCfg = Release|Any CPU
		{1ED9EF80-D0A7-4DEB-8021-54950157C18D}.Release|Any CPU.Build.0 = Release|Any CPU
		{CE7636DB-A770-4EF3-B781-8ED931CCFE87}.Debug|Any CPU.ActiveCfg = Debug|Any CPU
		{CE7636DB-A770-4EF3-B781-8ED931CCFE87}.Debug|Any CPU.Build.0 = Debug|Any CPU
		{CE7636DB-A770-4EF3-B781-8ED931CCFE87}.Release|Any CPU.ActiveCfg = Release|Any CPU
		{CE7636DB-A770-4EF3-B781-8ED931CCFE87}.Release|Any CPU.Build.0 = Release|Any CPU
		{FCB6718F-312C-470D-89A5-89128BF5A836}.Debug|Any CPU.ActiveCfg = Debug|Any CPU
		{FCB6718F-312C-470D-89A5-89128BF5A836}.Debug|Any CPU.Build.0 = Debug|Any CPU
		{FCB6718F-312C-470D-89A5-89128BF5A836}.Release|Any CPU.ActiveCfg = Release|Any CPU
		{FCB6718F-312C-470D-89A5-89128BF5A836}.Release|Any CPU.Build.0 = Release|Any CPU
		{72CCF971-AE39-4540-A4E4-6524962CEF59}.Debug|Any CPU.ActiveCfg = Debug|Any CPU
		{72CCF971-AE39-4540-A4E4-6524962CEF59}.Debug|Any CPU.Build.0 = Debug|Any CPU
		{72CCF971-AE39-4540-A4E4-6524962CEF59}.Release|Any CPU.ActiveCfg = Release|Any CPU
		{72CCF971-AE39-4540-A4E4-6524962CEF59}.Release|Any CPU.Build.0 = Release|Any CPU
	EndGlobalSection
	GlobalSection(NestedProjects) = preSolution
		{CFB4F023-9B02-4531-BAA5-16596E7DA49E} = {B95225BB-D8D2-4043-92AD-0D604640ABD8}
		{9BF714C0-EA8D-499E-8E62-55F67700A047} = {CFB4F023-9B02-4531-BAA5-16596E7DA49E}
		{FF3DA9F2-0394-49F2-9FFF-ECAF039DC355} = {CFB4F023-9B02-4531-BAA5-16596E7DA49E}
		{93AAC511-B356-4042-AE77-27F9480CFA90} = {B95225BB-D8D2-4043-92AD-0D604640ABD8}
		{178851D2-11C5-4687-8341-69A94B054789} = {93AAC511-B356-4042-AE77-27F9480CFA90}
		{180F3C11-30AF-4619-8E31-200A37F20DEF} = {B95225BB-D8D2-4043-92AD-0D604640ABD8}
		{2D0FF8CC-2895-40BD-98DA-176BB00FC3EE} = {180F3C11-30AF-4619-8E31-200A37F20DEF}
		{D7835758-31BC-4DD5-A653-7FF4161DAC93} = {2D0FF8CC-2895-40BD-98DA-176BB00FC3EE}
		{7E48B0E7-C3E3-4415-9517-5BDC3A30A2D6} = {2D0FF8CC-2895-40BD-98DA-176BB00FC3EE}
		{5495EA4B-59D7-409D-9D01-F5E4FB509C11} = {180F3C11-30AF-4619-8E31-200A37F20DEF}
		{1ED9EF80-D0A7-4DEB-8021-54950157C18D} = {5495EA4B-59D7-409D-9D01-F5E4FB509C11}
		{CE7636DB-A770-4EF3-B781-8ED931CCFE87} = {4FE41E6C-0042-4E91-AB95-38F6E0B27E9A}
		{FCB6718F-312C-470D-89A5-89128BF5A836} = {93AAC511-B356-4042-AE77-27F9480CFA90}
		{72CCF971-AE39-4540-A4E4-6524962CEF59} = {2D0FF8CC-2895-40BD-98DA-176BB00FC3EE}
	EndGlobalSection
EndGlobal
